
Microsoft Visual Studio Solution File, Format Version 12.00
# Visual Studio Version 16
VisualStudioVersion = 16.0.31729.503
MinimumVisualStudioVersion = 10.0.40219.1
Project("{FAE04EC0-301F-11D3-BF4B-00C04F79EFBC}") = "Menu", "Menu\Menu.csproj", "{82BC0E97-CED2-4283-ADB1-70E03783DDD4}"
EndProject
Global
	GlobalSection(SolutionConfigurationPlatforms) = preSolution
		Debug|Any CPU = Debug|Any CPU
		Release|Any CPU = Release|Any CPU
	EndGlobalSection
	GlobalSection(ProjectConfigurationPlatforms) = postSolution
		{82BC0E97-CED2-4283-ADB1-70E03783DDD4}.Debug|Any CPU.ActiveCfg = Debug|Any CPU
		{82BC0E97-CED2-4283-ADB1-70E03783DDD4}.Debug|Any CPU.Build.0 = Debug|Any CPU
		{82BC0E97-CED2-4283-ADB1-70E03783DDD4}.Release|Any CPU.ActiveCfg = Release|Any CPU
		{82BC0E97-CED2-4283-ADB1-70E03783DDD4}.Release|Any CPU.Build.0 = Release|Any CPU
	EndGlobalSection
	GlobalSection(SolutionProperties) = preSolution
		HideSolutionNode = FALSE
	EndGlobalSection
	GlobalSection(ExtensibilityGlobals) = postSolution
		SolutionGuid = {4E8F8783-06D0-4DFD-A5DE-5978E823E1C8}
	EndGlobalSection
EndGlobal
